// !$*UTF8*$!
{
	archiveVersion = 1;
	classes = {
	};
	objectVersion = 48;
	objects = {

/* Begin PBXBuildFile section */
		0477C2C7207B4E1900563991 /* AppDelegate.m in Sources */ = {isa = PBXBuildFile; fileRef = 0477C2C6207B4E1900563991 /* AppDelegate.m */; };
		0477C2CA207B4E1900563991 /* ViewController.m in Sources */ = {isa = PBXBuildFile; fileRef = 0477C2C9207B4E1900563991 /* ViewController.m */; };
		0477C2CD207B4E1A00563991 /* Main.storyboard in Resources */ = {isa = PBXBuildFile; fileRef = 0477C2CB207B4E1A00563991 /* Main.storyboard */; };
		0477C2CF207B4E1A00563991 /* Assets.xcassets in Resources */ = {isa = PBXBuildFile; fileRef = 0477C2CE207B4E1A00563991 /* Assets.xcassets */; };
		0477C2D2207B4E1A00563991 /* LaunchScreen.storyboard in Resources */ = {isa = PBXBuildFile; fileRef = 0477C2D0207B4E1A00563991 /* LaunchScreen.storyboard */; };
		0477C2D5207B4E1A00563991 /* main.m in Sources */ = {isa = PBXBuildFile; fileRef = 0477C2D4207B4E1A00563991 /* main.m */; };
		0477C2DD207B4FEB00563991 /* CopyController.m in Sources */ = {isa = PBXBuildFile; fileRef = 0477C2DC207B4FEB00563991 /* CopyController.m */; };
		0477C2E0207EF64100563991 /* User.m in Sources */ = {isa = PBXBuildFile; fileRef = 0477C2DF207EF64100563991 /* User.m */; };
		0477C2E4207F279D00563991 /* KVCController.m in Sources */ = {isa = PBXBuildFile; fileRef = 0477C2E3207F279D00563991 /* KVCController.m */; };
		0477C2E7207F280C00563991 /* KVCModel.m in Sources */ = {isa = PBXBuildFile; fileRef = 0477C2E6207F280C00563991 /* KVCModel.m */; };
		0477C2EB208047A300563991 /* DynamicController.m in Sources */ = {isa = PBXBuildFile; fileRef = 0477C2EA208047A300563991 /* DynamicController.m */; };
		0477C2EE2080592700563991 /* PropertyController.m in Sources */ = {isa = PBXBuildFile; fileRef = 0477C2ED2080592700563991 /* PropertyController.m */; };
		0477C2F52080808B00563991 /* RuntimeController.m in Sources */ = {isa = PBXBuildFile; fileRef = 0477C2F42080808B00563991 /* RuntimeController.m */; };
		0477C2F82080816E00563991 /* Robot.m in Sources */ = {isa = PBXBuildFile; fileRef = 0477C2F72080816E00563991 /* Robot.m */; };
		04B180C22085D0780072A8A4 /* AutoreleaseController.m in Sources */ = {isa = PBXBuildFile; fileRef = 04B180C12085D0770072A8A4 /* AutoreleaseController.m */; };
		04B180C52085E5DA0072A8A4 /* KVOController.m in Sources */ = {isa = PBXBuildFile; fileRef = 04B180C42085E5DA0072A8A4 /* KVOController.m */; };
		04B180C82085E6200072A8A4 /* ManualKVOModel.m in Sources */ = {isa = PBXBuildFile; fileRef = 04B180C72085E6200072A8A4 /* ManualKVOModel.m */; };
		04B180CB208721C10072A8A4 /* BlockController.m in Sources */ = {isa = PBXBuildFile; fileRef = 04B180CA208721C10072A8A4 /* BlockController.m */; };
		04B180D02089C3240072A8A4 /* GCDController.m in Sources */ = {isa = PBXBuildFile; fileRef = 04B180CF2089C3240072A8A4 /* GCDController.m */; };
/* End PBXBuildFile section */

/* Begin PBXFileReference section */
		0477C2C2207B4E1900563991 /* Collection.app */ = {isa = PBXFileReference; explicitFileType = wrapper.application; includeInIndex = 0; path = Collection.app; sourceTree = BUILT_PRODUCTS_DIR; };
		0477C2C5207B4E1900563991 /* AppDelegate.h */ = {isa = PBXFileReference; lastKnownFileType = sourcecode.c.h; path = AppDelegate.h; sourceTree = "<group>"; };
		0477C2C6207B4E1900563991 /* AppDelegate.m */ = {isa = PBXFileReference; lastKnownFileType = sourcecode.c.objc; path = AppDelegate.m; sourceTree = "<group>"; };
		0477C2C8207B4E1900563991 /* ViewController.h */ = {isa = PBXFileReference; lastKnownFileType = sourcecode.c.h; path = ViewController.h; sourceTree = "<group>"; };
		0477C2C9207B4E1900563991 /* ViewController.m */ = {isa = PBXFileReference; lastKnownFileType = sourcecode.c.objc; path = ViewController.m; sourceTree = "<group>"; };
		0477C2CC207B4E1A00563991 /* Base */ = {isa = PBXFileReference; lastKnownFileType = file.storyboard; name = Base; path = Base.lproj/Main.storyboard; sourceTree = "<group>"; };
		0477C2CE207B4E1A00563991 /* Assets.xcassets */ = {isa = PBXFileReference; lastKnownFileType = folder.assetcatalog; path = Assets.xcassets; sourceTree = "<group>"; };
		0477C2D1207B4E1A00563991 /* Base */ = {isa = PBXFileReference; lastKnownFileType = file.storyboard; name = Base; path = Base.lproj/LaunchScreen.storyboard; sourceTree = "<group>"; };
		0477C2D3207B4E1A00563991 /* Info.plist */ = {isa = PBXFileReference; lastKnownFileType = text.plist.xml; path = Info.plist; sourceTree = "<group>"; };
		0477C2D4207B4E1A00563991 /* main.m */ = {isa = PBXFileReference; lastKnownFileType = sourcecode.c.objc; path = main.m; sourceTree = "<group>"; };
		0477C2DB207B4FEB00563991 /* CopyController.h */ = {isa = PBXFileReference; lastKnownFileType = sourcecode.c.h; path = CopyController.h; sourceTree = "<group>"; };
		0477C2DC207B4FEB00563991 /* CopyController.m */ = {isa = PBXFileReference; lastKnownFileType = sourcecode.c.objc; path = CopyController.m; sourceTree = "<group>"; };
		0477C2DE207EF64100563991 /* User.h */ = {isa = PBXFileReference; lastKnownFileType = sourcecode.c.h; path = User.h; sourceTree = "<group>"; };
		0477C2DF207EF64100563991 /* User.m */ = {isa = PBXFileReference; lastKnownFileType = sourcecode.c.objc; path = User.m; sourceTree = "<group>"; };
		0477C2E2207F279D00563991 /* KVCController.h */ = {isa = PBXFileReference; lastKnownFileType = sourcecode.c.h; path = KVCController.h; sourceTree = "<group>"; };
		0477C2E3207F279D00563991 /* KVCController.m */ = {isa = PBXFileReference; lastKnownFileType = sourcecode.c.objc; path = KVCController.m; sourceTree = "<group>"; };
		0477C2E5207F280C00563991 /* KVCModel.h */ = {isa = PBXFileReference; lastKnownFileType = sourcecode.c.h; path = KVCModel.h; sourceTree = "<group>"; };
		0477C2E6207F280C00563991 /* KVCModel.m */ = {isa = PBXFileReference; lastKnownFileType = sourcecode.c.objc; path = KVCModel.m; sourceTree = "<group>"; };
		0477C2E9208047A300563991 /* DynamicController.h */ = {isa = PBXFileReference; lastKnownFileType = sourcecode.c.h; path = DynamicController.h; sourceTree = "<group>"; };
		0477C2EA208047A300563991 /* DynamicController.m */ = {isa = PBXFileReference; lastKnownFileType = sourcecode.c.objc; path = DynamicController.m; sourceTree = "<group>"; };
		0477C2EC2080592700563991 /* PropertyController.h */ = {isa = PBXFileReference; lastKnownFileType = sourcecode.c.h; path = PropertyController.h; sourceTree = "<group>"; };
		0477C2ED2080592700563991 /* PropertyController.m */ = {isa = PBXFileReference; lastKnownFileType = sourcecode.c.objc; path = PropertyController.m; sourceTree = "<group>"; };
		0477C2F32080808B00563991 /* RuntimeController.h */ = {isa = PBXFileReference; lastKnownFileType = sourcecode.c.h; path = RuntimeController.h; sourceTree = "<group>"; };
		0477C2F42080808B00563991 /* RuntimeController.m */ = {isa = PBXFileReference; lastKnownFileType = sourcecode.c.objc; path = RuntimeController.m; sourceTree = "<group>"; };
		0477C2F62080816E00563991 /* Robot.h */ = {isa = PBXFileReference; lastKnownFileType = sourcecode.c.h; path = Robot.h; sourceTree = "<group>"; };
		0477C2F72080816E00563991 /* Robot.m */ = {isa = PBXFileReference; lastKnownFileType = sourcecode.c.objc; path = Robot.m; sourceTree = "<group>"; };
		04B180C02085D0770072A8A4 /* AutoreleaseController.h */ = {isa = PBXFileReference; lastKnownFileType = sourcecode.c.h; path = AutoreleaseController.h; sourceTree = "<group>"; };
		04B180C12085D0770072A8A4 /* AutoreleaseController.m */ = {isa = PBXFileReference; lastKnownFileType = sourcecode.c.objc; path = AutoreleaseController.m; sourceTree = "<group>"; };
		04B180C32085E5DA0072A8A4 /* KVOController.h */ = {isa = PBXFileReference; lastKnownFileType = sourcecode.c.h; path = KVOController.h; sourceTree = "<group>"; };
		04B180C42085E5DA0072A8A4 /* KVOController.m */ = {isa = PBXFileReference; lastKnownFileType = sourcecode.c.objc; path = KVOController.m; sourceTree = "<group>"; };
		04B180C62085E6200072A8A4 /* ManualKVOModel.h */ = {isa = PBXFileReference; lastKnownFileType = sourcecode.c.h; path = ManualKVOModel.h; sourceTree = "<group>"; };
		04B180C72085E6200072A8A4 /* ManualKVOModel.m */ = {isa = PBXFileReference; lastKnownFileType = sourcecode.c.objc; path = ManualKVOModel.m; sourceTree = "<group>"; };
		04B180C9208721C10072A8A4 /* BlockController.h */ = {isa = PBXFileReference; lastKnownFileType = sourcecode.c.h; path = BlockController.h; sourceTree = "<group>"; };
		04B180CA208721C10072A8A4 /* BlockController.m */ = {isa = PBXFileReference; lastKnownFileType = sourcecode.c.objc; path = BlockController.m; sourceTree = "<group>"; };
		04B180CE2089C3240072A8A4 /* GCDController.h */ = {isa = PBXFileReference; lastKnownFileType = sourcecode.c.h; path = GCDController.h; sourceTree = "<group>"; };
		04B180CF2089C3240072A8A4 /* GCDController.m */ = {isa = PBXFileReference; lastKnownFileType = sourcecode.c.objc; path = GCDController.m; sourceTree = "<group>"; };
/* End PBXFileReference section */

/* Begin PBXFrameworksBuildPhase section */
		0477C2BF207B4E1900563991 /* Frameworks */ = {
			isa = PBXFrameworksBuildPhase;
			buildActionMask = 2147483647;
			files = (
			);
			runOnlyForDeploymentPostprocessing = 0;
		};
/* End PBXFrameworksBuildPhase section */

/* Begin PBXGroup section */
		0477C2B9207B4E1900563991 = {
			isa = PBXGroup;
			children = (
				0477C2C4207B4E1900563991 /* Collection */,
				0477C2C3207B4E1900563991 /* Products */,
			);
			sourceTree = "<group>";
		};
		0477C2C3207B4E1900563991 /* Products */ = {
			isa = PBXGroup;
			children = (
				0477C2C2207B4E1900563991 /* Collection.app */,
			);
			name = Products;
			sourceTree = "<group>";
		};
		0477C2C4207B4E1900563991 /* Collection */ = {
			isa = PBXGroup;
			children = (
				0477C2E8207F5D2A00563991 /* Controller */,
				0477C2E1207EF64E00563991 /* Model */,
				0477C2C5207B4E1900563991 /* AppDelegate.h */,
				0477C2C6207B4E1900563991 /* AppDelegate.m */,
				0477C2C8207B4E1900563991 /* ViewController.h */,
				0477C2C9207B4E1900563991 /* ViewController.m */,
				0477C2CB207B4E1A00563991 /* Main.storyboard */,
				0477C2CE207B4E1A00563991 /* Assets.xcassets */,
				0477C2D0207B4E1A00563991 /* LaunchScreen.storyboard */,
				0477C2D3207B4E1A00563991 /* Info.plist */,
				0477C2D4207B4E1A00563991 /* main.m */,
			);
			path = Collection;
			sourceTree = "<group>";
		};
		0477C2E1207EF64E00563991 /* Model */ = {
			isa = PBXGroup;
			children = (
				0477C2DE207EF64100563991 /* User.h */,
				0477C2DF207EF64100563991 /* User.m */,
				0477C2E5207F280C00563991 /* KVCModel.h */,
				0477C2E6207F280C00563991 /* KVCModel.m */,
				04B180C62085E6200072A8A4 /* ManualKVOModel.h */,
				04B180C72085E6200072A8A4 /* ManualKVOModel.m */,
				0477C2F62080816E00563991 /* Robot.h */,
				0477C2F72080816E00563991 /* Robot.m */,
			);
			path = Model;
			sourceTree = "<group>";
		};
		0477C2E8207F5D2A00563991 /* Controller */ = {
			isa = PBXGroup;
			children = (
				0477C2DB207B4FEB00563991 /* CopyController.h */,
				0477C2DC207B4FEB00563991 /* CopyController.m */,
				0477C2E2207F279D00563991 /* KVCController.h */,
				0477C2E3207F279D00563991 /* KVCController.m */,
				04B180C32085E5DA0072A8A4 /* KVOController.h */,
				04B180C42085E5DA0072A8A4 /* KVOController.m */,
				0477C2E9208047A300563991 /* DynamicController.h */,
				0477C2EA208047A300563991 /* DynamicController.m */,
				0477C2EC2080592700563991 /* PropertyController.h */,
				0477C2ED2080592700563991 /* PropertyController.m */,
				0477C2F32080808B00563991 /* RuntimeController.h */,
				0477C2F42080808B00563991 /* RuntimeController.m */,
				04B180C02085D0770072A8A4 /* AutoreleaseController.h */,
				04B180C12085D0770072A8A4 /* AutoreleaseController.m */,
				04B180C9208721C10072A8A4 /* BlockController.h */,
				04B180CA208721C10072A8A4 /* BlockController.m */,
				04B180CE2089C3240072A8A4 /* GCDController.h */,
				04B180CF2089C3240072A8A4 /* GCDController.m */,
			);
			path = Controller;
			sourceTree = "<group>";
		};
/* End PBXGroup section */

/* Begin PBXNativeTarget section */
		0477C2C1207B4E1900563991 /* Collection */ = {
			isa = PBXNativeTarget;
			buildConfigurationList = 0477C2D8207B4E1A00563991 /* Build configuration list for PBXNativeTarget "Collection" */;
			buildPhases = (
				0477C2BE207B4E1900563991 /* Sources */,
				0477C2BF207B4E1900563991 /* Frameworks */,
				0477C2C0207B4E1900563991 /* Resources */,
			);
			buildRules = (
			);
			dependencies = (
			);
			name = Collection;
			productName = Collection;
			productReference = 0477C2C2207B4E1900563991 /* Collection.app */;
			productType = "com.apple.product-type.application";
		};
/* End PBXNativeTarget section */

/* Begin PBXProject section */
		0477C2BA207B4E1900563991 /* Project object */ = {
			isa = PBXProject;
			attributes = {
				LastUpgradeCheck = 0920;
				ORGANIZATIONNAME = mac;
				TargetAttributes = {
					0477C2C1207B4E1900563991 = {
						CreatedOnToolsVersion = 9.2;
						ProvisioningStyle = Automatic;
					};
				};
			};
			buildConfigurationList = 0477C2BD207B4E1900563991 /* Build configuration list for PBXProject "Collection" */;
			compatibilityVersion = "Xcode 8.0";
			developmentRegion = en;
			hasScannedForEncodings = 0;
			knownRegions = (
				en,
				Base,
			);
			mainGroup = 0477C2B9207B4E1900563991;
			productRefGroup = 0477C2C3207B4E1900563991 /* Products */;
			projectDirPath = "";
			projectRoot = "";
			targets = (
				0477C2C1207B4E1900563991 /* Collection */,
			);
		};
/* End PBXProject section */

/* Begin PBXResourcesBuildPhase section */
		0477C2C0207B4E1900563991 /* Resources */ = {
			isa = PBXResourcesBuildPhase;
			buildActionMask = 2147483647;
			files = (
				0477C2D2207B4E1A00563991 /* LaunchScreen.storyboard in Resources */,
				0477C2CF207B4E1A00563991 /* Assets.xcassets in Resources */,
				0477C2CD207B4E1A00563991 /* Main.storyboard in Resources */,
			);
			runOnlyForDeploymentPostprocessing = 0;
		};
/* End PBXResourcesBuildPhase section */

/* Begin PBXSourcesBuildPhase section */
		0477C2BE207B4E1900563991 /* Sources */ = {
			isa = PBXSourcesBuildPhase;
			buildActionMask = 2147483647;
			files = (
				04B180C22085D0780072A8A4 /* AutoreleaseController.m in Sources */,
				0477C2E7207F280C00563991 /* KVCModel.m in Sources */,
				0477C2E0207EF64100563991 /* User.m in Sources */,
				0477C2CA207B4E1900563991 /* ViewController.m in Sources */,
				0477C2E4207F279D00563991 /* KVCController.m in Sources */,
				0477C2EE2080592700563991 /* PropertyController.m in Sources */,
				04B180CB208721C10072A8A4 /* BlockController.m in Sources */,
				0477C2D5207B4E1A00563991 /* main.m in Sources */,
				0477C2F52080808B00563991 /* RuntimeController.m in Sources */,
				0477C2DD207B4FEB00563991 /* CopyController.m in Sources */,
				0477C2F82080816E00563991 /* Robot.m in Sources */,
				0477C2C7207B4E1900563991 /* AppDelegate.m in Sources */,
				04B180D02089C3240072A8A4 /* GCDController.m in Sources */,
				0477C2EB208047A300563991 /* DynamicController.m in Sources */,
				04B180C82085E6200072A8A4 /* ManualKVOModel.m in Sources */,
				04B180C52085E5DA0072A8A4 /* KVOController.m in Sources */,
			);
			runOnlyForDeploymentPostprocessing = 0;
		};
/* End PBXSourcesBuildPhase section */

/* Begin PBXVariantGroup section */
		0477C2CB207B4E1A00563991 /* Main.storyboard */ = {
			isa = PBXVariantGroup;
			children = (
				0477C2CC207B4E1A00563991 /* Base */,
			);
			name = Main.storyboard;
			sourceTree = "<group>";
		};
		0477C2D0207B4E1A00563991 /* LaunchScreen.storyboard */ = {
			isa = PBXVariantGroup;
			children = (
				0477C2D1207B4E1A00563991 /* Base */,
			);
			name = LaunchScreen.storyboard;
			sourceTree = "<group>";
		};
/* End PBXVariantGroup section */

/* Begin XCBuildConfiguration section */
		0477C2D6207B4E1A00563991 /* Debug */ = {
			isa = XCBuildConfiguration;
			buildSettings = {
				ALWAYS_SEARCH_USER_PATHS = NO;
				CLANG_ANALYZER_NONNULL = YES;
				CLANG_ANALYZER_NUMBER_OBJECT_CONVERSION = YES_AGGRESSIVE;
				CLANG_CXX_LANGUAGE_STANDARD = "gnu++14";
				CLANG_CXX_LIBRARY = "libc++";
				CLANG_ENABLE_MODULES = YES;
				CLANG_ENABLE_OBJC_ARC = YES;
				CLANG_WARN_BLOCK_CAPTURE_AUTORELEASING = YES;
				CLANG_WARN_BOOL_CONVERSION = YES;
				CLANG_WARN_COMMA = YES;
				CLANG_WARN_CONSTANT_CONVERSION = YES;
				CLANG_WARN_DIRECT_OBJC_ISA_USAGE = YES_ERROR;
				CLANG_WARN_DOCUMENTATION_COMMENTS = YES;
				CLANG_WARN_EMPTY_BODY = YES;
				CLANG_WARN_ENUM_CONVERSION = YES;
				CLANG_WARN_INFINITE_RECURSION = YES;
				CLANG_WARN_INT_CONVERSION = YES;
				CLANG_WARN_NON_LITERAL_NULL_CONVERSION = YES;
				CLANG_WARN_OBJC_LITERAL_CONVERSION = YES;
				CLANG_WARN_OBJC_ROOT_CLASS = YES_ERROR;
				CLANG_WARN_RANGE_LOOP_ANALYSIS = YES;
				CLANG_WARN_STRICT_PROTOTYPES = YES;
				CLANG_WARN_SUSPICIOUS_MOVE = YES;
				CLANG_WARN_UNGUARDED_AVAILABILITY = YES_AGGRESSIVE;
				CLANG_WARN_UNREACHABLE_CODE = YES;
				CLANG_WARN__DUPLICATE_METHOD_MATCH = YES;
				CODE_SIGN_IDENTITY = "iPhone Developer";
				COPY_PHASE_STRIP = NO;
				DEBUG_INFORMATION_FORMAT = dwarf;
				ENABLE_STRICT_OBJC_MSGSEND = YES;
				ENABLE_TESTABILITY = YES;
				GCC_C_LANGUAGE_STANDARD = gnu11;
				GCC_DYNAMIC_NO_PIC = NO;
				GCC_NO_COMMON_BLOCKS = YES;
				GCC_OPTIMIZATION_LEVEL = 0;
				GCC_PREPROCESSOR_DEFINITIONS = (
					"DEBUG=1",
					"$(inherited)",
				);
				GCC_WARN_64_TO_32_BIT_CONVERSION = YES;
				GCC_WARN_ABOUT_RETURN_TYPE = YES_ERROR;
				GCC_WARN_UNDECLARED_SELECTOR = YES;
				GCC_WARN_UNINITIALIZED_AUTOS = YES_AGGRESSIVE;
				GCC_WARN_UNUSED_FUNCTION = YES;
				GCC_WARN_UNUSED_VARIABLE = YES;
				IPHONEOS_DEPLOYMENT_TARGET = 11.2;
				MTL_ENABLE_DEBUG_INFO = YES;
				ONLY_ACTIVE_ARCH = YES;
				SDKROOT = iphoneos;
			};
			name = Debug;
		};
		0477C2D7207B4E1A00563991 /* Release */ = {
			isa = XCBuildConfiguration;
			buildSettings = {
				ALWAYS_SEARCH_USER_PATHS = NO;
				CLANG_ANALYZER_NONNULL = YES;
				CLANG_ANALYZER_NUMBER_OBJECT_CONVERSION = YES_AGGRESSIVE;
				CLANG_CXX_LANGUAGE_STANDARD = "gnu++14";
				CLANG_CXX_LIBRARY = "libc++";
				CLANG_ENABLE_MODULES = YES;
				CLANG_ENABLE_OBJC_ARC = YES;
				CLANG_WARN_BLOCK_CAPTURE_AUTORELEASING = YES;
				CLANG_WARN_BOOL_CONVERSION = YES;
				CLANG_WARN_COMMA = YES;
				CLANG_WARN_CONSTANT_CONVERSION = YES;
				CLANG_WARN_DIRECT_OBJC_ISA_USAGE = YES_ERROR;
				CLANG_WARN_DOCUMENTATION_COMMENTS = YES;
				CLANG_WARN_EMPTY_BODY = YES;
				CLANG_WARN_ENUM_CONVERSION = YES;
				CLANG_WARN_INFINITE_RECURSION = YES;
				CLANG_WARN_INT_CONVERSION = YES;
				CLANG_WARN_NON_LITERAL_NULL_CONVERSION = YES;
				CLANG_WARN_OBJC_LITERAL_CONVERSION = YES;
				CLANG_WARN_OBJC_ROOT_CLASS = YES_ERROR;
				CLANG_WARN_RANGE_LOOP_ANALYSIS = YES;
				CLANG_WARN_STRICT_PROTOTYPES = YES;
				CLANG_WARN_SUSPICIOUS_MOVE = YES;
				CLANG_WARN_UNGUARDED_AVAILABILITY = YES_AGGRESSIVE;
				CLANG_WARN_UNREACHABLE_CODE = YES;
				CLANG_WARN__DUPLICATE_METHOD_MATCH = YES;
				CODE_SIGN_IDENTITY = "iPhone Developer";
				COPY_PHASE_STRIP = NO;
				DEBUG_INFORMATION_FORMAT = "dwarf-with-dsym";
				ENABLE_NS_ASSERTIONS = NO;
				ENABLE_STRICT_OBJC_MSGSEND = YES;
				GCC_C_LANGUAGE_STANDARD = gnu11;
				GCC_NO_COMMON_BLOCKS = YES;
				GCC_WARN_64_TO_32_BIT_CONVERSION = YES;
				GCC_WARN_ABOUT_RETURN_TYPE = YES_ERROR;
				GCC_WARN_UNDECLARED_SELECTOR = YES;
				GCC_WARN_UNINITIALIZED_AUTOS = YES_AGGRESSIVE;
				GCC_WARN_UNUSED_FUNCTION = YES;
				GCC_WARN_UNUSED_VARIABLE = YES;
				IPHONEOS_DEPLOYMENT_TARGET = 11.2;
				MTL_ENABLE_DEBUG_INFO = NO;
				SDKROOT = iphoneos;
				VALIDATE_PRODUCT = YES;
			};
			name = Release;
		};
		0477C2D9207B4E1A00563991 /* Debug */ = {
			isa = XCBuildConfiguration;
			buildSettings = {
				ASSETCATALOG_COMPILER_APPICON_NAME = AppIcon;
				CODE_SIGN_STYLE = Automatic;
				DEVELOPMENT_TEAM = C8G87XC4N7;
				INFOPLIST_FILE = Collection/Info.plist;
				LD_RUNPATH_SEARCH_PATHS = "$(inherited) @executable_path/Frameworks";
				PRODUCT_BUNDLE_IDENTIFIER = yizhenjia.com.Collection;
				PRODUCT_NAME = "$(TARGET_NAME)";
				TARGETED_DEVICE_FAMILY = "1,2";
			};
			name = Debug;
		};
		0477C2DA207B4E1A00563991 /* Release */ = {
			isa = XCBuildConfiguration;
			buildSettings = {
				ASSETCATALOG_COMPILER_APPICON_NAME = AppIcon;
				CODE_SIGN_STYLE = Automatic;
				DEVELOPMENT_TEAM = C8G87XC4N7;
				INFOPLIST_FILE = Collection/Info.plist;
				LD_RUNPATH_SEARCH_PATHS = "$(inherited) @executable_path/Frameworks";
				PRODUCT_BUNDLE_IDENTIFIER = yizhenjia.com.Collection;
				PRODUCT_NAME = "$(TARGET_NAME)";
				TARGETED_DEVICE_FAMILY = "1,2";
			};
			name = Release;
		};
/* End XCBuildConfiguration section */

/* Begin XCConfigurationList section */
		0477C2BD207B4E1900563991 /* Build configuration list for PBXProject "Collection" */ = {
			isa = XCConfigurationList;
			buildConfigurations = (
				0477C2D6207B4E1A00563991 /* Debug */,
				0477C2D7207B4E1A00563991 /* Release */,
			);
			defaultConfigurationIsVisible = 0;
			defaultConfigurationName = Release;
		};
		0477C2D8207B4E1A00563991 /* Build configuration list for PBXNativeTarget "Collection" */ = {
			isa = XCConfigurationList;
			buildConfigurations = (
				0477C2D9207B4E1A00563991 /* Debug */,
				0477C2DA207B4E1A00563991 /* Release */,
			);
			defaultConfigurationIsVisible = 0;
			defaultConfigurationName = Release;
		};
/* End XCConfigurationList section */
	};
	rootObject = 0477C2BA207B4E1900563991 /* Project object */;
}
